
Microsoft Visual Studio Solution File, Format Version 12.00
# Visual Studio Version 17
VisualStudioVersion = 17.2.32630.192
MinimumVisualStudioVersion = 10.0.40219.1
Project("{FAE04EC0-301F-11D3-BF4B-00C04F79EFBC}") = "Pos_system", "Pos_system\Pos_system.csproj", "{637C1878-CF4D-49FE-8CC5-D169A0B4EC28}"
EndProject
Global
	GlobalSection(SolutionConfigurationPlatforms) = preSolution
		Debug|Any CPU = Debug|Any CPU
		Release|Any CPU = Release|Any CPU
	EndGlobalSection
	GlobalSection(ProjectConfigurationPlatforms) = postSolution
		{637C1878-CF4D-49FE-8CC5-D169A0B4EC28}.Debug|Any CPU.ActiveCfg = Debug|Any CPU
		{637C1878-CF4D-49FE-8CC5-D169A0B4EC28}.Debug|Any CPU.Build.0 = Debug|Any CPU
		{637C1878-CF4D-49FE-8CC5-D169A0B4EC28}.Release|Any CPU.ActiveCfg = Release|Any CPU
		{637C1878-CF4D-49FE-8CC5-D169A0B4EC28}.Release|Any CPU.Build.0 = Release|Any CPU
	EndGlobalSection
	GlobalSection(SolutionProperties) = preSolution
		HideSolutionNode = FALSE
	EndGlobalSection
	GlobalSection(ExtensibilityGlobals) = postSolution
		SolutionGuid = {BBA95C3C-1301-42C7-B4B9-A0F557696880}
	EndGlobalSection
EndGlobal
